{
  "name": "shepard",
  "version": "1.0.0",
  "lockfileVersion": 1,
  "requires": true,
  "dependencies": {
    "c3": {
      "version": "0.4.18",
      "resolved": "https://registry.npmjs.org/c3/-/c3-0.4.18.tgz",
      "integrity": "sha512-37TiFeCrbe69gg7SxFpTBOLDwulnk+opKp1AFDi43mONtErpRoUIZfGSimGiSYQmNu6Zh9W2yNOx0066UikqSg==",
      "requires": {
        "d3": "3.5.17"
      }
    },
    "d3": {
      "version": "3.5.17",
      "resolved": "https://registry.npmjs.org/d3/-/d3-3.5.17.tgz",
      "integrity": "sha1-vEZ0gAQ3iyGjYMn8fPUjF5B2L7g="
    }
  }
}
